# This file is automatically @generated by Cargo.
# It is not intended for manual editing.
version = 3

[[package]]
name = "dwmdumper"
version = "0.1.0"
dependencies = [
 "windows",
]

[[package]]
name = "windows"
version = "0.27.0"
source = "registry+https://github.com/rust-lang/crates.io-index"
checksum = "ebbc80318ebf919219a113c41deae34aa90198e4a15e93c810a9ea1aaa4c1a78"
dependencies = [
 "windows-sys",
]

[[package]]
name = "windows-sys"
version = "0.27.0"
source = "registry+https://github.com/rust-lang/crates.io-index"
checksum = "39cae116ee11e4bce7c0a0425f2b0c866a91d86d209624b7707a7deea52da786"
dependencies = [
 "windows_aarch64_msvc",
 "windows_i686_gnu",
 "windows_i686_msvc",
 "windows_x86_64_gnu",
 "windows_x86_64_msvc",
]

[[package]]
name = "windows_aarch64_msvc"
version = "0.27.0"
source = "registry+https://github.com/rust-lang/crates.io-index"
checksum = "ec7d1649bbab232cde71148c6ef7bbe647f214d2154dd66347fada60de40cda7"

[[package]]
name = "windows_i686_gnu"
version = "0.27.0"
source = "registry+https://github.com/rust-lang/crates.io-index"
checksum = "b4eb20b59b93fc302839f3b0df3e61de7e9606b44cb54cbeb68d71cf137309fa"

[[package]]
name = "windows_i686_msvc"
version = "0.27.0"
source = "registry+https://github.com/rust-lang/crates.io-index"
checksum = "40331d8ef3e4dcdc8982eb7de16e1f09b86f5384626a56b3a99c2a51b88ff98e"

[[package]]
name = "windows_x86_64_gnu"
version = "0.27.0"
source = "registry+https://github.com/rust-lang/crates.io-index"
checksum = "5937d290e39c3308147d9b877c5fa741c50f4121ea78d2d20c4a138ad365464a"

[[package]]
name = "windows_x86_64_msvc"
version = "0.27.0"
source = "registry+https://github.com/rust-lang/crates.io-index"
checksum = "dee1b76aec4e2bead4758a181b663c37af0de7ec56fe6837c10215b8d6a1635f"
